
Microsoft Visual Studio Solution File, Format Version 12.00
# Visual Studio Version 16
VisualStudioVersion = 16.0.30717.126
MinimumVisualStudioVersion = 10.0.40219.1
Project("{FAE04EC0-301F-11D3-BF4B-00C04F79EFBC}") = "ReferansVeDegerTipler", "ReferansVeDegerTipler\ReferansVeDegerTipler.csproj", "{4193ADCB-DE68-454B-AF8E-E93C84799E1D}"
EndProject
Global
	GlobalSection(SolutionConfigurationPlatforms) = preSolution
		Debug|Any CPU = Debug|Any CPU
		Release|Any CPU = Release|Any CPU
	EndGlobalSection
	GlobalSection(ProjectConfigurationPlatforms) = postSolution
		{4193ADCB-DE68-454B-AF8E-E93C84799E1D}.Debug|Any CPU.ActiveCfg = Debug|Any CPU
		{4193ADCB-DE68-454B-AF8E-E93C84799E1D}.Debug|Any CPU.Build.0 = Debug|Any CPU
		{4193ADCB-DE68-454B-AF8E-E93C84799E1D}.Release|Any CPU.ActiveCfg = Release|Any CPU
		{4193ADCB-DE68-454B-AF8E-E93C84799E1D}.Release|Any CPU.Build.0 = Release|Any CPU
	EndGlobalSection
	GlobalSection(SolutionProperties) = preSolution
		HideSolutionNode = FALSE
	EndGlobalSection
	GlobalSection(ExtensibilityGlobals) = postSolution
		SolutionGuid = {282793C6-9AD2-47D2-B86A-413F115CBF00}
	EndGlobalSection
EndGlobal
